
Microsoft Visual Studio Solution File, Format Version 12.00
# Visual Studio 2012
Project("{FAE04EC0-301F-11D3-BF4B-00C04F79EFBC}") = "SigmaProjectCharges", "SigmaProjectCharges\SigmaProjectCharges.csproj", "{C827ACDA-3D80-4226-9D74-054B05850A64}"
	ProjectSection(ProjectDependencies) = postProject
		{81A5582C-B316-4D47-847F-81F4DC0DC5A7} = {81A5582C-B316-4D47-847F-81F4DC0DC5A7}
		{B0A77DBA-394D-4F21-B852-E083CADBD663} = {B0A77DBA-394D-4F21-B852-E083CADBD663}
	EndProjectSection
EndProject
Project("{FAE04EC0-301F-11D3-BF4B-00C04F79EFBC}") = "DAL", "DAL\DAL.csproj", "{B0A77DBA-394D-4F21-B852-E083CADBD663}"
EndProject
Project("{FAE04EC0-301F-11D3-BF4B-00C04F79EFBC}") = "BL", "BL\BL.csproj", "{81A5582C-B316-4D47-847F-81F4DC0DC5A7}"
	ProjectSection(ProjectDependencies) = postProject
		{B0A77DBA-394D-4F21-B852-E083CADBD663} = {B0A77DBA-394D-4F21-B852-E083CADBD663}
	EndProjectSection
EndProject
Global
	GlobalSection(SolutionConfigurationPlatforms) = preSolution
		Debug|Any CPU = Debug|Any CPU
		Release|Any CPU = Release|Any CPU
	EndGlobalSection
	GlobalSection(ProjectConfigurationPlatforms) = postSolution
		{C827ACDA-3D80-4226-9D74-054B05850A64}.Debug|Any CPU.ActiveCfg = Debug|Any CPU
		{C827ACDA-3D80-4226-9D74-054B05850A64}.Debug|Any CPU.Build.0 = Debug|Any CPU
		{C827ACDA-3D80-4226-9D74-054B05850A64}.Release|Any CPU.ActiveCfg = Release|Any CPU
		{C827ACDA-3D80-4226-9D74-054B05850A64}.Release|Any CPU.Build.0 = Release|Any CPU
		{B0A77DBA-394D-4F21-B852-E083CADBD663}.Debug|Any CPU.ActiveCfg = Debug|Any CPU
		{B0A77DBA-394D-4F21-B852-E083CADBD663}.Debug|Any CPU.Build.0 = Debug|Any CPU
		{B0A77DBA-394D-4F21-B852-E083CADBD663}.Release|Any CPU.ActiveCfg = Release|Any CPU
		{B0A77DBA-394D-4F21-B852-E083CADBD663}.Release|Any CPU.Build.0 = Release|Any CPU
		{81A5582C-B316-4D47-847F-81F4DC0DC5A7}.Debug|Any CPU.ActiveCfg = Debug|Any CPU
		{81A5582C-B316-4D47-847F-81F4DC0DC5A7}.Debug|Any CPU.Build.0 = Debug|Any CPU
		{81A5582C-B316-4D47-847F-81F4DC0DC5A7}.Release|Any CPU.ActiveCfg = Release|Any CPU
		{81A5582C-B316-4D47-847F-81F4DC0DC5A7}.Release|Any CPU.Build.0 = Release|Any CPU
	EndGlobalSection
	GlobalSection(SolutionProperties) = preSolution
		HideSolutionNode = FALSE
	EndGlobalSection
EndGlobal
